
Microsoft Visual Studio Solution File, Format Version 12.00
Project("{FAE04EC0-301F-11D3-BF4B-00C04F79EFBC}") = "JukeboxAPI", "JukeboxAPI\JukeboxAPI.csproj", "{7DBEA2D3-AF6F-47E4-B11B-BA2C157FA664}"
EndProject
Project("{2150E333-8FDC-42A3-9474-1A3956D46DE8}") = "Framework", "Framework", "{88E59DA6-EE27-4FE7-B87A-DDF7BBD8C6CF}"
EndProject
Project("{2150E333-8FDC-42A3-9474-1A3956D46DE8}") = "Databases", "Databases", "{C93A335D-7315-4D77-99AA-ADC18AB65460}"
EndProject
Project("{FAE04EC0-301F-11D3-BF4B-00C04F79EFBC}") = "Jukebox.Common", "Jukebox.Common\Jukebox.Common.csproj", "{6A7F07A3-8FE6-4CB8-885C-FC6C0D52BEF9}"
EndProject
Project("{FAE04EC0-301F-11D3-BF4B-00C04F79EFBC}") = "Jukebox.Common.Abstractions", "Jukebox.Common.Abstractions\Jukebox.Common.Abstractions.csproj", "{B2DBFF04-FB85-4517-AE34-E7068C2499C4}"
EndProject
Project("{2150E333-8FDC-42A3-9474-1A3956D46DE8}") = "Testing", "Testing", "{8C7DEB5F-6ED4-46EE-9853-D8604C1C3208}"
EndProject
Project("{FAE04EC0-301F-11D3-BF4B-00C04F79EFBC}") = "Jukebox.Testing.Acceptance", "Jukebox.Testing.Acceptance\Jukebox.Testing.Acceptance.csproj", "{A83373BD-7BE1-4402-97BC-29477127D1C8}"
EndProject
Project("{FAE04EC0-301F-11D3-BF4B-00C04F79EFBC}") = "Jukebox.Data.SqLite", "Jukebox.Data.SqLite\Jukebox.Data.SqLite.csproj", "{BF0EF621-12E9-450F-A315-4E5A2C9A1B86}"
EndProject
Project("{FAE04EC0-301F-11D3-BF4B-00C04F79EFBC}") = "Jukebox.Data.InMemory", "Jukebox.Data.InMemory\Jukebox.Data.InMemory.csproj", "{F9138081-35AF-4885-83DF-D3C4C7307F86}"
EndProject
Global
	GlobalSection(SolutionConfigurationPlatforms) = preSolution
		Debug|Any CPU = Debug|Any CPU
		Release|Any CPU = Release|Any CPU
	EndGlobalSection
	GlobalSection(ProjectConfigurationPlatforms) = postSolution
		{7DBEA2D3-AF6F-47E4-B11B-BA2C157FA664}.Debug|Any CPU.ActiveCfg = Debug|Any CPU
		{7DBEA2D3-AF6F-47E4-B11B-BA2C157FA664}.Debug|Any CPU.Build.0 = Debug|Any CPU
		{7DBEA2D3-AF6F-47E4-B11B-BA2C157FA664}.Release|Any CPU.ActiveCfg = Release|Any CPU
		{7DBEA2D3-AF6F-47E4-B11B-BA2C157FA664}.Release|Any CPU.Build.0 = Release|Any CPU
		{6A7F07A3-8FE6-4CB8-885C-FC6C0D52BEF9}.Debug|Any CPU.ActiveCfg = Debug|Any CPU
		{6A7F07A3-8FE6-4CB8-885C-FC6C0D52BEF9}.Debug|Any CPU.Build.0 = Debug|Any CPU
		{6A7F07A3-8FE6-4CB8-885C-FC6C0D52BEF9}.Release|Any CPU.ActiveCfg = Release|Any CPU
		{6A7F07A3-8FE6-4CB8-885C-FC6C0D52BEF9}.Release|Any CPU.Build.0 = Release|Any CPU
		{B2DBFF04-FB85-4517-AE34-E7068C2499C4}.Debug|Any CPU.ActiveCfg = Debug|Any CPU
		{B2DBFF04-FB85-4517-AE34-E7068C2499C4}.Debug|Any CPU.Build.0 = Debug|Any CPU
		{B2DBFF04-FB85-4517-AE34-E7068C2499C4}.Release|Any CPU.ActiveCfg = Release|Any CPU
		{B2DBFF04-FB85-4517-AE34-E7068C2499C4}.Release|Any CPU.Build.0 = Release|Any CPU
		{A83373BD-7BE1-4402-97BC-29477127D1C8}.Debug|Any CPU.ActiveCfg = Debug|Any CPU
		{A83373BD-7BE1-4402-97BC-29477127D1C8}.Debug|Any CPU.Build.0 = Debug|Any CPU
		{A83373BD-7BE1-4402-97BC-29477127D1C8}.Release|Any CPU.ActiveCfg = Release|Any CPU
		{A83373BD-7BE1-4402-97BC-29477127D1C8}.Release|Any CPU.Build.0 = Release|Any CPU
		{BF0EF621-12E9-450F-A315-4E5A2C9A1B86}.Debug|Any CPU.ActiveCfg = Debug|Any CPU
		{BF0EF621-12E9-450F-A315-4E5A2C9A1B86}.Debug|Any CPU.Build.0 = Debug|Any CPU
		{BF0EF621-12E9-450F-A315-4E5A2C9A1B86}.Release|Any CPU.ActiveCfg = Release|Any CPU
		{BF0EF621-12E9-450F-A315-4E5A2C9A1B86}.Release|Any CPU.Build.0 = Release|Any CPU
		{F9138081-35AF-4885-83DF-D3C4C7307F86}.Debug|Any CPU.ActiveCfg = Debug|Any CPU
		{F9138081-35AF-4885-83DF-D3C4C7307F86}.Debug|Any CPU.Build.0 = Debug|Any CPU
		{F9138081-35AF-4885-83DF-D3C4C7307F86}.Release|Any CPU.ActiveCfg = Release|Any CPU
		{F9138081-35AF-4885-83DF-D3C4C7307F86}.Release|Any CPU.Build.0 = Release|Any CPU
	EndGlobalSection
	GlobalSection(NestedProjects) = preSolution
		{6A7F07A3-8FE6-4CB8-885C-FC6C0D52BEF9} = {88E59DA6-EE27-4FE7-B87A-DDF7BBD8C6CF}
		{B2DBFF04-FB85-4517-AE34-E7068C2499C4} = {88E59DA6-EE27-4FE7-B87A-DDF7BBD8C6CF}
		{A83373BD-7BE1-4402-97BC-29477127D1C8} = {8C7DEB5F-6ED4-46EE-9853-D8604C1C3208}
		{BF0EF621-12E9-450F-A315-4E5A2C9A1B86} = {C93A335D-7315-4D77-99AA-ADC18AB65460}
		{F9138081-35AF-4885-83DF-D3C4C7307F86} = {C93A335D-7315-4D77-99AA-ADC18AB65460}
	EndGlobalSection
EndGlobal
